{
  "object": {
    "pins": [
      {
        "package": "base45-swift",
        "repositoryURL": "https://github.com/ehn-digital-green-development/base45-swift",
        "state": {
          "branch": "main",
          "revision": "b2fd6c1ff48f6ea1d2877368afd326700427f261",
          "version": null
        }
      },
      {
        "package": "SwiftCBOR",
        "repositoryURL": "git@github.com:unrelentingtech/SwiftCBOR.git",
        "state": {
          "branch": "master",
          "revision": "84e3b7d0cb52f32167f60d27bfbe0c741e8a154b",
          "version": null
        }
      }
    ]
  },
  "version": 1
}
